# This file is automatically @generated by Cargo.
# It is not intended for manual editing.
version = 4

[[package]]
name = "kcli"
version = "0.1.0"

[[package]]
name = "kcli_demo_alpha"
version = "0.1.0"
dependencies = [
 "kcli",
]

[[package]]
name = "kcli_demo_beta"
version = "0.1.0"
dependencies = [
 "kcli",
]

[[package]]
name = "kcli_demo_bootstrap"
version = "0.1.0"
dependencies = [
 "kcli",
]

[[package]]
name = "kcli_demo_core"
version = "0.1.0"
dependencies = [
 "kcli",
 "kcli_demo_alpha",
]

[[package]]
name = "kcli_demo_gamma"
version = "0.1.0"
dependencies = [
 "kcli",
]

[[package]]
name = "kcli_demo_omega"
version = "0.1.0"
dependencies = [
 "kcli",
 "kcli_demo_alpha",
 "kcli_demo_beta",
 "kcli_demo_gamma",
]
